
Microsoft Visual Studio Solution File, Format Version 12.00
# Visual Studio 15
VisualStudioVersion = 15.0.28307.1972
MinimumVisualStudioVersion = 10.0.40219.1
Project("{9092AA53-FB77-4645-B42D-1CCCA6BD08BD}") = "NodejsApp1", "NodejsApp1.njsproj", "{FE3065D2-912A-4F42-8C4C-A85D5628E0A0}"
EndProject
Global
	GlobalSection(SolutionConfigurationPlatforms) = preSolution
		Debug|Any CPU = Debug|Any CPU
		Release|Any CPU = Release|Any CPU
	EndGlobalSection
	GlobalSection(ProjectConfigurationPlatforms) = postSolution
		{FE3065D2-912A-4F42-8C4C-A85D5628E0A0}.Debug|Any CPU.ActiveCfg = Debug|Any CPU
		{FE3065D2-912A-4F42-8C4C-A85D5628E0A0}.Debug|Any CPU.Build.0 = Debug|Any CPU
		{FE3065D2-912A-4F42-8C4C-A85D5628E0A0}.Release|Any CPU.ActiveCfg = Release|Any CPU
		{FE3065D2-912A-4F42-8C4C-A85D5628E0A0}.Release|Any CPU.Build.0 = Release|Any CPU
	EndGlobalSection
	GlobalSection(SolutionProperties) = preSolution
		HideSolutionNode = FALSE
	EndGlobalSection
	GlobalSection(ExtensibilityGlobals) = postSolution
		SolutionGuid = {1EDA07C4-2AA0-4680-ABEC-639E6339E23B}
	EndGlobalSection
EndGlobal
