{
  "name": "ts-test",
  "requires": true,
  "lockfileVersion": 1,
  "dependencies": {
    "typescript": {
      "version": "3.2.0-dev.20181011",
      "resolved": "https://registry.npmjs.org/typescript/-/typescript-3.2.0-dev.20181011.tgz",
      "integrity": "sha512-YzHmvZSiFIyVOo6g4rpB+BQXl1m3BD2cgpDBhGGGWUuWHAHx3vuJFelShYol7kSPcrrl40PJfCH3AkohK34EcA==",
      "dev": true
    }
  }
}
